
Microsoft Visual Studio Solution File, Format Version 12.00
# Visual Studio Version 17
VisualStudioVersion = 17.2.32630.192
MinimumVisualStudioVersion = 10.0.40219.1
Project("{FAE04EC0-301F-11D3-BF4B-00C04F79EFBC}") = "ASP.NET_Core_MVC", "ASP.NET_Core_MVC\ASP.NET_Core_MVC.csproj", "{E91AB8B7-1411-4EDF-8BA5-B12C58380F2A}"
EndProject
Global
	GlobalSection(SolutionConfigurationPlatforms) = preSolution
		Debug|Any CPU = Debug|Any CPU
		Release|Any CPU = Release|Any CPU
	EndGlobalSection
	GlobalSection(ProjectConfigurationPlatforms) = postSolution
		{E91AB8B7-1411-4EDF-8BA5-B12C58380F2A}.Debug|Any CPU.ActiveCfg = Debug|Any CPU
		{E91AB8B7-1411-4EDF-8BA5-B12C58380F2A}.Debug|Any CPU.Build.0 = Debug|Any CPU
		{E91AB8B7-1411-4EDF-8BA5-B12C58380F2A}.Release|Any CPU.ActiveCfg = Release|Any CPU
		{E91AB8B7-1411-4EDF-8BA5-B12C58380F2A}.Release|Any CPU.Build.0 = Release|Any CPU
	EndGlobalSection
	GlobalSection(SolutionProperties) = preSolution
		HideSolutionNode = FALSE
	EndGlobalSection
	GlobalSection(ExtensibilityGlobals) = postSolution
		SolutionGuid = {974FD23E-E4EF-4C2E-890B-0996A8479996}
	EndGlobalSection
EndGlobal
